
Microsoft Visual Studio Solution File, Format Version 10.00
# Visual Studio 2008
Project("{8BC9CEB8-8B4A-11D0-8D11-00A0C91BC942}") = "PhoneKeypad", "PhoneKeypad\PhoneKeypad.vcproj", "{E917544A-E616-44E3-B88B-D0471C4F65DC}"
EndProject
Project("{8BC9CEB8-8B4A-11D0-8D11-00A0C91BC942}") = "RemoveIMDrv", "RemoveIMDrv\RemoveIMDrv.vcproj", "{E35CFF97-BB62-4DEE-9715-DA31AC719250}"
EndProject
Project("{8BC9CEB8-8B4A-11D0-8D11-00A0C91BC942}") = "RemoveIM", "RemoveIM\RemoveIM.vcproj", "{88B3A39A-5013-412E-8AF6-64034C9BA8B1}"
EndProject
Project("{B900F1C2-3D47-4FEC-85B3-04AAF18C3634}") = "PhoneKeypadSetup", "PhoneKeypadSetup\PhoneKeypadSetup.vddproj", "{6DCA7E14-CB61-4108-B583-093981B3049E}"
EndProject
Global
	GlobalSection(SubversionScc) = preSolution
		Svn-Managed = True
		Manager = AnkhSVN - Subversion Support for Visual Studio
	EndGlobalSection
	GlobalSection(SolutionConfigurationPlatforms) = preSolution
		Debug|Mixed Platforms = Debug|Mixed Platforms
		Debug|Pocket PC 2003 (ARMV4) = Debug|Pocket PC 2003 (ARMV4)
		Debug|Smartphone 2003 (ARMV4) = Debug|Smartphone 2003 (ARMV4)
		Debug|Windows Mobile 5.0 Pocket PC SDK (ARMV4I) = Debug|Windows Mobile 5.0 Pocket PC SDK (ARMV4I)
		Debug|Windows Mobile 5.0 Smartphone SDK (ARMV4I) = Debug|Windows Mobile 5.0 Smartphone SDK (ARMV4I)
		Debug|Windows Mobile 6 Professional SDK (ARMV4I) = Debug|Windows Mobile 6 Professional SDK (ARMV4I)
		Release MinDependency|Mixed Platforms = Release MinDependency|Mixed Platforms
		Release MinDependency|Pocket PC 2003 (ARMV4) = Release MinDependency|Pocket PC 2003 (ARMV4)
		Release MinDependency|Smartphone 2003 (ARMV4) = Release MinDependency|Smartphone 2003 (ARMV4)
		Release MinDependency|Windows Mobile 5.0 Pocket PC SDK (ARMV4I) = Release MinDependency|Windows Mobile 5.0 Pocket PC SDK (ARMV4I)
		Release MinDependency|Windows Mobile 5.0 Smartphone SDK (ARMV4I) = Release MinDependency|Windows Mobile 5.0 Smartphone SDK (ARMV4I)
		Release MinDependency|Windows Mobile 6 Professional SDK (ARMV4I) = Release MinDependency|Windows Mobile 6 Professional SDK (ARMV4I)
		Release MinSize|Mixed Platforms = Release MinSize|Mixed Platforms
		Release MinSize|Pocket PC 2003 (ARMV4) = Release MinSize|Pocket PC 2003 (ARMV4)
		Release MinSize|Smartphone 2003 (ARMV4) = Release MinSize|Smartphone 2003 (ARMV4)
		Release MinSize|Windows Mobile 5.0 Pocket PC SDK (ARMV4I) = Release MinSize|Windows Mobile 5.0 Pocket PC SDK (ARMV4I)
		Release MinSize|Windows Mobile 5.0 Smartphone SDK (ARMV4I) = Release MinSize|Windows Mobile 5.0 Smartphone SDK (ARMV4I)
		Release MinSize|Windows Mobile 6 Professional SDK (ARMV4I) = Release MinSize|Windows Mobile 6 Professional SDK (ARMV4I)
		Release|Mixed Platforms = Release|Mixed Platforms
		Release|Pocket PC 2003 (ARMV4) = Release|Pocket PC 2003 (ARMV4)
		Release|Smartphone 2003 (ARMV4) = Release|Smartphone 2003 (ARMV4)
		Release|Windows Mobile 5.0 Pocket PC SDK (ARMV4I) = Release|Windows Mobile 5.0 Pocket PC SDK (ARMV4I)
		Release|Windows Mobile 5.0 Smartphone SDK (ARMV4I) = Release|Windows Mobile 5.0 Smartphone SDK (ARMV4I)
		Release|Windows Mobile 6 Professional SDK (ARMV4I) = Release|Windows Mobile 6 Professional SDK (ARMV4I)
	EndGlobalSection
	GlobalSection(ProjectConfigurationPlatforms) = postSolution
		{E917544A-E616-44E3-B88B-D0471C4F65DC}.Debug|Mixed Platforms.ActiveCfg = Debug|Windows Mobile 5.0 Pocket PC SDK (ARMV4I)
		{E917544A-E616-44E3-B88B-D0471C4F65DC}.Debug|Mixed Platforms.Build.0 = Debug|Windows Mobile 5.0 Pocket PC SDK (ARMV4I)
		{E917544A-E616-44E3-B88B-D0471C4F65DC}.Debug|Mixed Platforms.Deploy.0 = Debug|Windows Mobile 5.0 Pocket PC SDK (ARMV4I)
		{E917544A-E616-44E3-B88B-D0471C4F65DC}.Debug|Pocket PC 2003 (ARMV4).ActiveCfg = Debug|Windows Mobile 6 Professional SDK (ARMV4I)
		{E917544A-E616-44E3-B88B-D0471C4F65DC}.Debug|Smartphone 2003 (ARMV4).ActiveCfg = Debug|Windows Mobile 6 Professional SDK (ARMV4I)
		{E917544A-E616-44E3-B88B-D0471C4F65DC}.Debug|Windows Mobile 5.0 Pocket PC SDK (ARMV4I).ActiveCfg = Debug|Windows Mobile 5.0 Pocket PC SDK (ARMV4I)
		{E917544A-E616-44E3-B88B-D0471C4F65DC}.Debug|Windows Mobile 5.0 Pocket PC SDK (ARMV4I).Build.0 = Debug|Windows Mobile 5.0 Pocket PC SDK (ARMV4I)
		{E917544A-E616-44E3-B88B-D0471C4F65DC}.Debug|Windows Mobile 5.0 Pocket PC SDK (ARMV4I).Deploy.0 = Debug|Windows Mobile 5.0 Pocket PC SDK (ARMV4I)
		{E917544A-E616-44E3-B88B-D0471C4F65DC}.Debug|Windows Mobile 5.0 Smartphone SDK (ARMV4I).ActiveCfg = Debug|Windows Mobile 5.0 Pocket PC SDK (ARMV4I)
		{E917544A-E616-44E3-B88B-D0471C4F65DC}.Debug|Windows Mobile 6 Professional SDK (ARMV4I).ActiveCfg = Debug|Windows Mobile 6 Professional SDK (ARMV4I)
		{E917544A-E616-44E3-B88B-D0471C4F65DC}.Debug|Windows Mobile 6 Professional SDK (ARMV4I).Build.0 = Debug|Windows Mobile 6 Professional SDK (ARMV4I)
		{E917544A-E616-44E3-B88B-D0471C4F65DC}.Debug|Windows Mobile 6 Professional SDK (ARMV4I).Deploy.0 = Debug|Windows Mobile 6 Professional SDK (ARMV4I)
		{E917544A-E616-44E3-B88B-D0471C4F65DC}.Release MinDependency|Mixed Platforms.ActiveCfg = Release|Windows Mobile 6 Professional SDK (ARMV4I)
		{E917544A-E616-44E3-B88B-D0471C4F65DC}.Release MinDependency|Mixed Platforms.Build.0 = Release|Windows Mobile 6 Professional SDK (ARMV4I)
		{E917544A-E616-44E3-B88B-D0471C4F65DC}.Release MinDependency|Mixed Platforms.Deploy.0 = Release|Windows Mobile 6 Professional SDK (ARMV4I)
		{E917544A-E616-44E3-B88B-D0471C4F65DC}.Release MinDependency|Pocket PC 2003 (ARMV4).ActiveCfg = Release|Windows Mobile 6 Professional SDK (ARMV4I)
		{E917544A-E616-44E3-B88B-D0471C4F65DC}.Release MinDependency|Smartphone 2003 (ARMV4).ActiveCfg = Release|Windows Mobile 6 Professional SDK (ARMV4I)
		{E917544A-E616-44E3-B88B-D0471C4F65DC}.Release MinDependency|Windows Mobile 5.0 Pocket PC SDK (ARMV4I).ActiveCfg = Release|Windows Mobile 6 Professional SDK (ARMV4I)
		{E917544A-E616-44E3-B88B-D0471C4F65DC}.Release MinDependency|Windows Mobile 5.0 Smartphone SDK (ARMV4I).ActiveCfg = Release|Windows Mobile 6 Professional SDK (ARMV4I)
		{E917544A-E616-44E3-B88B-D0471C4F65DC}.Release MinDependency|Windows Mobile 6 Professional SDK (ARMV4I).ActiveCfg = Release|Windows Mobile 6 Professional SDK (ARMV4I)
		{E917544A-E616-44E3-B88B-D0471C4F65DC}.Release MinDependency|Windows Mobile 6 Professional SDK (ARMV4I).Build.0 = Release|Windows Mobile 6 Professional SDK (ARMV4I)
		{E917544A-E616-44E3-B88B-D0471C4F65DC}.Release MinDependency|Windows Mobile 6 Professional SDK (ARMV4I).Deploy.0 = Release|Windows Mobile 6 Professional SDK (ARMV4I)
		{E917544A-E616-44E3-B88B-D0471C4F65DC}.Release MinSize|Mixed Platforms.ActiveCfg = Release|Windows Mobile 6 Professional SDK (ARMV4I)
		{E917544A-E616-44E3-B88B-D0471C4F65DC}.Release MinSize|Mixed Platforms.Build.0 = Release|Windows Mobile 6 Professional SDK (ARMV4I)
		{E917544A-E616-44E3-B88B-D0471C4F65DC}.Release MinSize|Mixed Platforms.Deploy.0 = Release|Windows Mobile 6 Professional SDK (ARMV4I)
		{E917544A-E616-44E3-B88B-D0471C4F65DC}.Release MinSize|Pocket PC 2003 (ARMV4).ActiveCfg = Release|Windows Mobile 6 Professional SDK (ARMV4I)
		{E917544A-E616-44E3-B88B-D0471C4F65DC}.Release MinSize|Smartphone 2003 (ARMV4).ActiveCfg = Release|Windows Mobile 6 Professional SDK (ARMV4I)
		{E917544A-E616-44E3-B88B-D0471C4F65DC}.Release MinSize|Windows Mobile 5.0 Pocket PC SDK (ARMV4I).ActiveCfg = Release|Windows Mobile 6 Professional SDK (ARMV4I)
		{E917544A-E616-44E3-B88B-D0471C4F65DC}.Release MinSize|Windows Mobile 5.0 Smartphone SDK (ARMV4I).ActiveCfg = Release|Windows Mobile 6 Professional SDK (ARMV4I)
		{E917544A-E616-44E3-B88B-D0471C4F65DC}.Release MinSize|Windows Mobile 6 Professional SDK (ARMV4I).ActiveCfg = Release|Windows Mobile 6 Professional SDK (ARMV4I)
		{E917544A-E616-44E3-B88B-D0471C4F65DC}.Release MinSize|Windows Mobile 6 Professional SDK (ARMV4I).Build.0 = Release|Windows Mobile 6 Professional SDK (ARMV4I)
		{E917544A-E616-44E3-B88B-D0471C4F65DC}.Release MinSize|Windows Mobile 6 Professional SDK (ARMV4I).Deploy.0 = Release|Windows Mobile 6 Professional SDK (ARMV4I)
		{E917544A-E616-44E3-B88B-D0471C4F65DC}.Release|Mixed Platforms.ActiveCfg = Release|Windows Mobile 5.0 Pocket PC SDK (ARMV4I)
		{E917544A-E616-44E3-B88B-D0471C4F65DC}.Release|Mixed Platforms.Build.0 = Release|Windows Mobile 5.0 Pocket PC SDK (ARMV4I)
		{E917544A-E616-44E3-B88B-D0471C4F65DC}.Release|Mixed Platforms.Deploy.0 = Release|Windows Mobile 5.0 Pocket PC SDK (ARMV4I)
		{E917544A-E616-44E3-B88B-D0471C4F65DC}.Release|Pocket PC 2003 (ARMV4).ActiveCfg = Release|Windows Mobile 6 Professional SDK (ARMV4I)
		{E917544A-E616-44E3-B88B-D0471C4F65DC}.Release|Smartphone 2003 (ARMV4).ActiveCfg = Release|Windows Mobile 6 Professional SDK (ARMV4I)
		{E917544A-E616-44E3-B88B-D0471C4F65DC}.Release|Windows Mobile 5.0 Pocket PC SDK (ARMV4I).ActiveCfg = Release|Windows Mobile 5.0 Pocket PC SDK (ARMV4I)
		{E917544A-E616-44E3-B88B-D0471C4F65DC}.Release|Windows Mobile 5.0 Pocket PC SDK (ARMV4I).Build.0 = Release|Windows Mobile 5.0 Pocket PC SDK (ARMV4I)
		{E917544A-E616-44E3-B88B-D0471C4F65DC}.Release|Windows Mobile 5.0 Pocket PC SDK (ARMV4I).Deploy.0 = Release|Windows Mobile 5.0 Pocket PC SDK (ARMV4I)
		{E917544A-E616-44E3-B88B-D0471C4F65DC}.Release|Windows Mobile 5.0 Smartphone SDK (ARMV4I).ActiveCfg = Release|Windows Mobile 5.0 Pocket PC SDK (ARMV4I)
		{E917544A-E616-44E3-B88B-D0471C4F65DC}.Release|Windows Mobile 6 Professional SDK (ARMV4I).ActiveCfg = Release|Windows Mobile 5.0 Pocket PC SDK (ARMV4I)
		{E35CFF97-BB62-4DEE-9715-DA31AC719250}.Debug|Mixed Platforms.ActiveCfg = Debug|Windows Mobile 5.0 Smartphone SDK (ARMV4I)
		{E35CFF97-BB62-4DEE-9715-DA31AC719250}.Debug|Mixed Platforms.Build.0 = Debug|Windows Mobile 5.0 Smartphone SDK (ARMV4I)
		{E35CFF97-BB62-4DEE-9715-DA31AC719250}.Debug|Mixed Platforms.Deploy.0 = Debug|Windows Mobile 5.0 Smartphone SDK (ARMV4I)
		{E35CFF97-BB62-4DEE-9715-DA31AC719250}.Debug|Pocket PC 2003 (ARMV4).ActiveCfg = Debug|Pocket PC 2003 (ARMV4)
		{E35CFF97-BB62-4DEE-9715-DA31AC719250}.Debug|Pocket PC 2003 (ARMV4).Build.0 = Debug|Pocket PC 2003 (ARMV4)
		{E35CFF97-BB62-4DEE-9715-DA31AC719250}.Debug|Pocket PC 2003 (ARMV4).Deploy.0 = Debug|Pocket PC 2003 (ARMV4)
		{E35CFF97-BB62-4DEE-9715-DA31AC719250}.Debug|Smartphone 2003 (ARMV4).ActiveCfg = Debug|Smartphone 2003 (ARMV4)
		{E35CFF97-BB62-4DEE-9715-DA31AC719250}.Debug|Smartphone 2003 (ARMV4).Build.0 = Debug|Smartphone 2003 (ARMV4)
		{E35CFF97-BB62-4DEE-9715-DA31AC719250}.Debug|Smartphone 2003 (ARMV4).Deploy.0 = Debug|Smartphone 2003 (ARMV4)
		{E35CFF97-BB62-4DEE-9715-DA31AC719250}.Debug|Windows Mobile 5.0 Pocket PC SDK (ARMV4I).ActiveCfg = Debug|Windows Mobile 5.0 Pocket PC SDK (ARMV4I)
		{E35CFF97-BB62-4DEE-9715-DA31AC719250}.Debug|Windows Mobile 5.0 Pocket PC SDK (ARMV4I).Build.0 = Debug|Windows Mobile 5.0 Pocket PC SDK (ARMV4I)
		{E35CFF97-BB62-4DEE-9715-DA31AC719250}.Debug|Windows Mobile 5.0 Pocket PC SDK (ARMV4I).Deploy.0 = Debug|Windows Mobile 5.0 Pocket PC SDK (ARMV4I)
		{E35CFF97-BB62-4DEE-9715-DA31AC719250}.Debug|Windows Mobile 5.0 Smartphone SDK (ARMV4I).ActiveCfg = Debug|Windows Mobile 5.0 Smartphone SDK (ARMV4I)
		{E35CFF97-BB62-4DEE-9715-DA31AC719250}.Debug|Windows Mobile 5.0 Smartphone SDK (ARMV4I).Build.0 = Debug|Windows Mobile 5.0 Smartphone SDK (ARMV4I)
		{E35CFF97-BB62-4DEE-9715-DA31AC719250}.Debug|Windows Mobile 5.0 Smartphone SDK (ARMV4I).Deploy.0 = Debug|Windows Mobile 5.0 Smartphone SDK (ARMV4I)
		{E35CFF97-BB62-4DEE-9715-DA31AC719250}.Debug|Windows Mobile 6 Professional SDK (ARMV4I).ActiveCfg = Debug|Windows Mobile 6 Professional SDK (ARMV4I)
		{E35CFF97-BB62-4DEE-9715-DA31AC719250}.Debug|Windows Mobile 6 Professional SDK (ARMV4I).Deploy.0 = Debug|Windows Mobile 6 Professional SDK (ARMV4I)
		{E35CFF97-BB62-4DEE-9715-DA31AC719250}.Release MinDependency|Mixed Platforms.ActiveCfg = Release|Windows Mobile 5.0 Smartphone SDK (ARMV4I)
		{E35CFF97-BB62-4DEE-9715-DA31AC719250}.Release MinDependency|Mixed Platforms.Build.0 = Release|Windows Mobile 5.0 Smartphone SDK (ARMV4I)
		{E35CFF97-BB62-4DEE-9715-DA31AC719250}.Release MinDependency|Mixed Platforms.Deploy.0 = Release|Windows Mobile 5.0 Smartphone SDK (ARMV4I)
		{E35CFF97-BB62-4DEE-9715-DA31AC719250}.Release MinDependency|Pocket PC 2003 (ARMV4).ActiveCfg = Release|Windows Mobile 5.0 Smartphone SDK (ARMV4I)
		{E35CFF97-BB62-4DEE-9715-DA31AC719250}.Release MinDependency|Smartphone 2003 (ARMV4).ActiveCfg = Release|Windows Mobile 5.0 Smartphone SDK (ARMV4I)
		{E35CFF97-BB62-4DEE-9715-DA31AC719250}.Release MinDependency|Windows Mobile 5.0 Pocket PC SDK (ARMV4I).ActiveCfg = Release|Windows Mobile 5.0 Smartphone SDK (ARMV4I)
		{E35CFF97-BB62-4DEE-9715-DA31AC719250}.Release MinDependency|Windows Mobile 5.0 Smartphone SDK (ARMV4I).ActiveCfg = Release|Windows Mobile 5.0 Smartphone SDK (ARMV4I)
		{E35CFF97-BB62-4DEE-9715-DA31AC719250}.Release MinDependency|Windows Mobile 5.0 Smartphone SDK (ARMV4I).Build.0 = Release|Windows Mobile 5.0 Smartphone SDK (ARMV4I)
		{E35CFF97-BB62-4DEE-9715-DA31AC719250}.Release MinDependency|Windows Mobile 5.0 Smartphone SDK (ARMV4I).Deploy.0 = Release|Windows Mobile 5.0 Smartphone SDK (ARMV4I)
		{E35CFF97-BB62-4DEE-9715-DA31AC719250}.Release MinDependency|Windows Mobile 6 Professional SDK (ARMV4I).ActiveCfg = Release|Windows Mobile 5.0 Smartphone SDK (ARMV4I)
		{E35CFF97-BB62-4DEE-9715-DA31AC719250}.Release MinSize|Mixed Platforms.ActiveCfg = Release|Windows Mobile 5.0 Smartphone SDK (ARMV4I)
		{E35CFF97-BB62-4DEE-9715-DA31AC719250}.Release MinSize|Mixed Platforms.Build.0 = Release|Windows Mobile 5.0 Smartphone SDK (ARMV4I)
		{E35CFF97-BB62-4DEE-9715-DA31AC719250}.Release MinSize|Mixed Platforms.Deploy.0 = Release|Windows Mobile 5.0 Smartphone SDK (ARMV4I)
		{E35CFF97-BB62-4DEE-9715-DA31AC719250}.Release MinSize|Pocket PC 2003 (ARMV4).ActiveCfg = Release|Windows Mobile 5.0 Smartphone SDK (ARMV4I)
		{E35CFF97-BB62-4DEE-9715-DA31AC719250}.Release MinSize|Smartphone 2003 (ARMV4).ActiveCfg = Release|Windows Mobile 5.0 Smartphone SDK (ARMV4I)
		{E35CFF97-BB62-4DEE-9715-DA31AC719250}.Release MinSize|Windows Mobile 5.0 Pocket PC SDK (ARMV4I).ActiveCfg = Release|Windows Mobile 5.0 Smartphone SDK (ARMV4I)
		{E35CFF97-BB62-4DEE-9715-DA31AC719250}.Release MinSize|Windows Mobile 5.0 Smartphone SDK (ARMV4I).ActiveCfg = Release|Windows Mobile 5.0 Smartphone SDK (ARMV4I)
		{E35CFF97-BB62-4DEE-9715-DA31AC719250}.Release MinSize|Windows Mobile 5.0 Smartphone SDK (ARMV4I).Build.0 = Release|Windows Mobile 5.0 Smartphone SDK (ARMV4I)
		{E35CFF97-BB62-4DEE-9715-DA31AC719250}.Release MinSize|Windows Mobile 5.0 Smartphone SDK (ARMV4I).Deploy.0 = Release|Windows Mobile 5.0 Smartphone SDK (ARMV4I)
		{E35CFF97-BB62-4DEE-9715-DA31AC719250}.Release MinSize|Windows Mobile 6 Professional SDK (ARMV4I).ActiveCfg = Release|Windows Mobile 5.0 Smartphone SDK (ARMV4I)
		{E35CFF97-BB62-4DEE-9715-DA31AC719250}.Release|Mixed Platforms.ActiveCfg = Release|Windows Mobile 5.0 Smartphone SDK (ARMV4I)
		{E35CFF97-BB62-4DEE-9715-DA31AC719250}.Release|Mixed Platforms.Build.0 = Release|Windows Mobile 5.0 Smartphone SDK (ARMV4I)
		{E35CFF97-BB62-4DEE-9715-DA31AC719250}.Release|Mixed Platforms.Deploy.0 = Release|Windows Mobile 5.0 Smartphone SDK (ARMV4I)
		{E35CFF97-BB62-4DEE-9715-DA31AC719250}.Release|Pocket PC 2003 (ARMV4).ActiveCfg = Release|Pocket PC 2003 (ARMV4)
		{E35CFF97-BB62-4DEE-9715-DA31AC719250}.Release|Pocket PC 2003 (ARMV4).Build.0 = Release|Pocket PC 2003 (ARMV4)
		{E35CFF97-BB62-4DEE-9715-DA31AC719250}.Release|Pocket PC 2003 (ARMV4).Deploy.0 = Release|Pocket PC 2003 (ARMV4)
		{E35CFF97-BB62-4DEE-9715-DA31AC719250}.Release|Smartphone 2003 (ARMV4).ActiveCfg = Release|Smartphone 2003 (ARMV4)
		{E35CFF97-BB62-4DEE-9715-DA31AC719250}.Release|Smartphone 2003 (ARMV4).Build.0 = Release|Smartphone 2003 (ARMV4)
		{E35CFF97-BB62-4DEE-9715-DA31AC719250}.Release|Smartphone 2003 (ARMV4).Deploy.0 = Release|Smartphone 2003 (ARMV4)
		{E35CFF97-BB62-4DEE-9715-DA31AC719250}.Release|Windows Mobile 5.0 Pocket PC SDK (ARMV4I).ActiveCfg = Release|Windows Mobile 5.0 Pocket PC SDK (ARMV4I)
		{E35CFF97-BB62-4DEE-9715-DA31AC719250}.Release|Windows Mobile 5.0 Pocket PC SDK (ARMV4I).Build.0 = Release|Windows Mobile 5.0 Pocket PC SDK (ARMV4I)
		{E35CFF97-BB62-4DEE-9715-DA31AC719250}.Release|Windows Mobile 5.0 Pocket PC SDK (ARMV4I).Deploy.0 = Release|Windows Mobile 5.0 Pocket PC SDK (ARMV4I)
		{E35CFF97-BB62-4DEE-9715-DA31AC719250}.Release|Windows Mobile 5.0 Smartphone SDK (ARMV4I).ActiveCfg = Release|Windows Mobile 5.0 Smartphone SDK (ARMV4I)
		{E35CFF97-BB62-4DEE-9715-DA31AC719250}.Release|Windows Mobile 5.0 Smartphone SDK (ARMV4I).Build.0 = Release|Windows Mobile 5.0 Smartphone SDK (ARMV4I)
		{E35CFF97-BB62-4DEE-9715-DA31AC719250}.Release|Windows Mobile 5.0 Smartphone SDK (ARMV4I).Deploy.0 = Release|Windows Mobile 5.0 Smartphone SDK (ARMV4I)
		{E35CFF97-BB62-4DEE-9715-DA31AC719250}.Release|Windows Mobile 6 Professional SDK (ARMV4I).ActiveCfg = Release|Windows Mobile 6 Professional SDK (ARMV4I)
		{E35CFF97-BB62-4DEE-9715-DA31AC719250}.Release|Windows Mobile 6 Professional SDK (ARMV4I).Build.0 = Release|Windows Mobile 6 Professional SDK (ARMV4I)
		{E35CFF97-BB62-4DEE-9715-DA31AC719250}.Release|Windows Mobile 6 Professional SDK (ARMV4I).Deploy.0 = Release|Windows Mobile 6 Professional SDK (ARMV4I)
		{88B3A39A-5013-412E-8AF6-64034C9BA8B1}.Debug|Mixed Platforms.ActiveCfg = Debug|Windows Mobile 5.0 Smartphone SDK (ARMV4I)
		{88B3A39A-5013-412E-8AF6-64034C9BA8B1}.Debug|Mixed Platforms.Build.0 = Debug|Windows Mobile 5.0 Smartphone SDK (ARMV4I)
		{88B3A39A-5013-412E-8AF6-64034C9BA8B1}.Debug|Mixed Platforms.Deploy.0 = Debug|Windows Mobile 5.0 Smartphone SDK (ARMV4I)
		{88B3A39A-5013-412E-8AF6-64034C9BA8B1}.Debug|Pocket PC 2003 (ARMV4).ActiveCfg = Debug|Pocket PC 2003 (ARMV4)
		{88B3A39A-5013-412E-8AF6-64034C9BA8B1}.Debug|Pocket PC 2003 (ARMV4).Build.0 = Debug|Pocket PC 2003 (ARMV4)
		{88B3A39A-5013-412E-8AF6-64034C9BA8B1}.Debug|Pocket PC 2003 (ARMV4).Deploy.0 = Debug|Pocket PC 2003 (ARMV4)
		{88B3A39A-5013-412E-8AF6-64034C9BA8B1}.Debug|Smartphone 2003 (ARMV4).ActiveCfg = Debug|Smartphone 2003 (ARMV4)
		{88B3A39A-5013-412E-8AF6-64034C9BA8B1}.Debug|Smartphone 2003 (ARMV4).Build.0 = Debug|Smartphone 2003 (ARMV4)
		{88B3A39A-5013-412E-8AF6-64034C9BA8B1}.Debug|Smartphone 2003 (ARMV4).Deploy.0 = Debug|Smartphone 2003 (ARMV4)
		{88B3A39A-5013-412E-8AF6-64034C9BA8B1}.Debug|Windows Mobile 5.0 Pocket PC SDK (ARMV4I).ActiveCfg = Debug|Windows Mobile 5.0 Pocket PC SDK (ARMV4I)
		{88B3A39A-5013-412E-8AF6-64034C9BA8B1}.Debug|Windows Mobile 5.0 Pocket PC SDK (ARMV4I).Build.0 = Debug|Windows Mobile 5.0 Pocket PC SDK (ARMV4I)
		{88B3A39A-5013-412E-8AF6-64034C9BA8B1}.Debug|Windows Mobile 5.0 Pocket PC SDK (ARMV4I).Deploy.0 = Debug|Windows Mobile 5.0 Pocket PC SDK (ARMV4I)
		{88B3A39A-5013-412E-8AF6-64034C9BA8B1}.Debug|Windows Mobile 5.0 Smartphone SDK (ARMV4I).ActiveCfg = Debug|Windows Mobile 5.0 Smartphone SDK (ARMV4I)
		{88B3A39A-5013-412E-8AF6-64034C9BA8B1}.Debug|Windows Mobile 5.0 Smartphone SDK (ARMV4I).Build.0 = Debug|Windows Mobile 5.0 Smartphone SDK (ARMV4I)
		{88B3A39A-5013-412E-8AF6-64034C9BA8B1}.Debug|Windows Mobile 5.0 Smartphone SDK (ARMV4I).Deploy.0 = Debug|Windows Mobile 5.0 Smartphone SDK (ARMV4I)
		{88B3A39A-5013-412E-8AF6-64034C9BA8B1}.Debug|Windows Mobile 6 Professional SDK (ARMV4I).ActiveCfg = Debug|Windows Mobile 6 Professional SDK (ARMV4I)
		{88B3A39A-5013-412E-8AF6-64034C9BA8B1}.Debug|Windows Mobile 6 Professional SDK (ARMV4I).Deploy.0 = Debug|Windows Mobile 6 Professional SDK (ARMV4I)
		{88B3A39A-5013-412E-8AF6-64034C9BA8B1}.Release MinDependency|Mixed Platforms.ActiveCfg = Release|Windows Mobile 5.0 Smartphone SDK (ARMV4I)
		{88B3A39A-5013-412E-8AF6-64034C9BA8B1}.Release MinDependency|Mixed Platforms.Build.0 = Release|Windows Mobile 5.0 Smartphone SDK (ARMV4I)
		{88B3A39A-5013-412E-8AF6-64034C9BA8B1}.Release MinDependency|Mixed Platforms.Deploy.0 = Release|Windows Mobile 5.0 Smartphone SDK (ARMV4I)
		{88B3A39A-5013-412E-8AF6-64034C9BA8B1}.Release MinDependency|Pocket PC 2003 (ARMV4).ActiveCfg = Release|Windows Mobile 5.0 Smartphone SDK (ARMV4I)
		{88B3A39A-5013-412E-8AF6-64034C9BA8B1}.Release MinDependency|Smartphone 2003 (ARMV4).ActiveCfg = Release|Windows Mobile 5.0 Smartphone SDK (ARMV4I)
		{88B3A39A-5013-412E-8AF6-64034C9BA8B1}.Release MinDependency|Windows Mobile 5.0 Pocket PC SDK (ARMV4I).ActiveCfg = Release|Windows Mobile 5.0 Smartphone SDK (ARMV4I)
		{88B3A39A-5013-412E-8AF6-64034C9BA8B1}.Release MinDependency|Windows Mobile 5.0 Smartphone SDK (ARMV4I).ActiveCfg = Release|Windows Mobile 5.0 Smartphone SDK (ARMV4I)
		{88B3A39A-5013-412E-8AF6-64034C9BA8B1}.Release MinDependency|Windows Mobile 5.0 Smartphone SDK (ARMV4I).Build.0 = Release|Windows Mobile 5.0 Smartphone SDK (ARMV4I)
		{88B3A39A-5013-412E-8AF6-64034C9BA8B1}.Release MinDependency|Windows Mobile 5.0 Smartphone SDK (ARMV4I).Deploy.0 = Release|Windows Mobile 5.0 Smartphone SDK (ARMV4I)
		{88B3A39A-5013-412E-8AF6-64034C9BA8B1}.Release MinDependency|Windows Mobile 6 Professional SDK (ARMV4I).ActiveCfg = Release|Windows Mobile 5.0 Smartphone SDK (ARMV4I)
		{88B3A39A-5013-412E-8AF6-64034C9BA8B1}.Release MinSize|Mixed Platforms.ActiveCfg = Release|Windows Mobile 5.0 Smartphone SDK (ARMV4I)
		{88B3A39A-5013-412E-8AF6-64034C9BA8B1}.Release MinSize|Mixed Platforms.Build.0 = Release|Windows Mobile 5.0 Smartphone SDK (ARMV4I)
		{88B3A39A-5013-412E-8AF6-64034C9BA8B1}.Release MinSize|Mixed Platforms.Deploy.0 = Release|Windows Mobile 5.0 Smartphone SDK (ARMV4I)
		{88B3A39A-5013-412E-8AF6-64034C9BA8B1}.Release MinSize|Pocket PC 2003 (ARMV4).ActiveCfg = Release|Windows Mobile 5.0 Smartphone SDK (ARMV4I)
		{88B3A39A-5013-412E-8AF6-64034C9BA8B1}.Release MinSize|Smartphone 2003 (ARMV4).ActiveCfg = Release|Windows Mobile 5.0 Smartphone SDK (ARMV4I)
		{88B3A39A-5013-412E-8AF6-64034C9BA8B1}.Release MinSize|Windows Mobile 5.0 Pocket PC SDK (ARMV4I).ActiveCfg = Release|Windows Mobile 5.0 Smartphone SDK (ARMV4I)
		{88B3A39A-5013-412E-8AF6-64034C9BA8B1}.Release MinSize|Windows Mobile 5.0 Smartphone SDK (ARMV4I).ActiveCfg = Release|Windows Mobile 5.0 Smartphone SDK (ARMV4I)
		{88B3A39A-5013-412E-8AF6-64034C9BA8B1}.Release MinSize|Windows Mobile 5.0 Smartphone SDK (ARMV4I).Build.0 = Release|Windows Mobile 5.0 Smartphone SDK (ARMV4I)
		{88B3A39A-5013-412E-8AF6-64034C9BA8B1}.Release MinSize|Windows Mobile 5.0 Smartphone SDK (ARMV4I).Deploy.0 = Release|Windows Mobile 5.0 Smartphone SDK (ARMV4I)
		{88B3A39A-5013-412E-8AF6-64034C9BA8B1}.Release MinSize|Windows Mobile 6 Professional SDK (ARMV4I).ActiveCfg = Release|Windows Mobile 5.0 Smartphone SDK (ARMV4I)
		{88B3A39A-5013-412E-8AF6-64034C9BA8B1}.Release|Mixed Platforms.ActiveCfg = Release|Windows Mobile 5.0 Smartphone SDK (ARMV4I)
		{88B3A39A-5013-412E-8AF6-64034C9BA8B1}.Release|Mixed Platforms.Build.0 = Release|Windows Mobile 5.0 Smartphone SDK (ARMV4I)
		{88B3A39A-5013-412E-8AF6-64034C9BA8B1}.Release|Mixed Platforms.Deploy.0 = Release|Windows Mobile 5.0 Smartphone SDK (ARMV4I)
		{88B3A39A-5013-412E-8AF6-64034C9BA8B1}.Release|Pocket PC 2003 (ARMV4).ActiveCfg = Release|Pocket PC 2003 (ARMV4)
		{88B3A39A-5013-412E-8AF6-64034C9BA8B1}.Release|Pocket PC 2003 (ARMV4).Build.0 = Release|Pocket PC 2003 (ARMV4)
		{88B3A39A-5013-412E-8AF6-64034C9BA8B1}.Release|Pocket PC 2003 (ARMV4).Deploy.0 = Release|Pocket PC 2003 (ARMV4)
		{88B3A39A-5013-412E-8AF6-64034C9BA8B1}.Release|Smartphone 2003 (ARMV4).ActiveCfg = Release|Smartphone 2003 (ARMV4)
		{88B3A39A-5013-412E-8AF6-64034C9BA8B1}.Release|Smartphone 2003 (ARMV4).Build.0 = Release|Smartphone 2003 (ARMV4)
		{88B3A39A-5013-412E-8AF6-64034C9BA8B1}.Release|Smartphone 2003 (ARMV4).Deploy.0 = Release|Smartphone 2003 (ARMV4)
		{88B3A39A-5013-412E-8AF6-64034C9BA8B1}.Release|Windows Mobile 5.0 Pocket PC SDK (ARMV4I).ActiveCfg = Release|Windows Mobile 5.0 Pocket PC SDK (ARMV4I)
		{88B3A39A-5013-412E-8AF6-64034C9BA8B1}.Release|Windows Mobile 5.0 Pocket PC SDK (ARMV4I).Build.0 = Release|Windows Mobile 5.0 Pocket PC SDK (ARMV4I)
		{88B3A39A-5013-412E-8AF6-64034C9BA8B1}.Release|Windows Mobile 5.0 Pocket PC SDK (ARMV4I).Deploy.0 = Release|Windows Mobile 5.0 Pocket PC SDK (ARMV4I)
		{88B3A39A-5013-412E-8AF6-64034C9BA8B1}.Release|Windows Mobile 5.0 Smartphone SDK (ARMV4I).ActiveCfg = Release|Windows Mobile 5.0 Smartphone SDK (ARMV4I)
		{88B3A39A-5013-412E-8AF6-64034C9BA8B1}.Release|Windows Mobile 5.0 Smartphone SDK (ARMV4I).Build.0 = Release|Windows Mobile 5.0 Smartphone SDK (ARMV4I)
		{88B3A39A-5013-412E-8AF6-64034C9BA8B1}.Release|Windows Mobile 5.0 Smartphone SDK (ARMV4I).Deploy.0 = Release|Windows Mobile 5.0 Smartphone SDK (ARMV4I)
		{88B3A39A-5013-412E-8AF6-64034C9BA8B1}.Release|Windows Mobile 6 Professional SDK (ARMV4I).ActiveCfg = Release|Windows Mobile 6 Professional SDK (ARMV4I)
		{88B3A39A-5013-412E-8AF6-64034C9BA8B1}.Release|Windows Mobile 6 Professional SDK (ARMV4I).Build.0 = Release|Windows Mobile 6 Professional SDK (ARMV4I)
		{88B3A39A-5013-412E-8AF6-64034C9BA8B1}.Release|Windows Mobile 6 Professional SDK (ARMV4I).Deploy.0 = Release|Windows Mobile 6 Professional SDK (ARMV4I)
		{6DCA7E14-CB61-4108-B583-093981B3049E}.Debug|Mixed Platforms.ActiveCfg = Debug
		{6DCA7E14-CB61-4108-B583-093981B3049E}.Debug|Pocket PC 2003 (ARMV4).ActiveCfg = Debug
		{6DCA7E14-CB61-4108-B583-093981B3049E}.Debug|Smartphone 2003 (ARMV4).ActiveCfg = Debug
		{6DCA7E14-CB61-4108-B583-093981B3049E}.Debug|Windows Mobile 5.0 Pocket PC SDK (ARMV4I).ActiveCfg = Debug
		{6DCA7E14-CB61-4108-B583-093981B3049E}.Debug|Windows Mobile 5.0 Smartphone SDK (ARMV4I).ActiveCfg = Debug
		{6DCA7E14-CB61-4108-B583-093981B3049E}.Debug|Windows Mobile 6 Professional SDK (ARMV4I).ActiveCfg = Debug
		{6DCA7E14-CB61-4108-B583-093981B3049E}.Debug|Windows Mobile 6 Professional SDK (ARMV4I).Build.0 = Debug
		{6DCA7E14-CB61-4108-B583-093981B3049E}.Release MinDependency|Mixed Platforms.ActiveCfg = Release
		{6DCA7E14-CB61-4108-B583-093981B3049E}.Release MinDependency|Pocket PC 2003 (ARMV4).ActiveCfg = Release
		{6DCA7E14-CB61-4108-B583-093981B3049E}.Release MinDependency|Smartphone 2003 (ARMV4).ActiveCfg = Release
		{6DCA7E14-CB61-4108-B583-093981B3049E}.Release MinDependency|Windows Mobile 5.0 Pocket PC SDK (ARMV4I).ActiveCfg = Release
		{6DCA7E14-CB61-4108-B583-093981B3049E}.Release MinDependency|Windows Mobile 5.0 Smartphone SDK (ARMV4I).ActiveCfg = Release
		{6DCA7E14-CB61-4108-B583-093981B3049E}.Release MinDependency|Windows Mobile 6 Professional SDK (ARMV4I).ActiveCfg = Release
		{6DCA7E14-CB61-4108-B583-093981B3049E}.Release MinSize|Mixed Platforms.ActiveCfg = Release
		{6DCA7E14-CB61-4108-B583-093981B3049E}.Release MinSize|Pocket PC 2003 (ARMV4).ActiveCfg = Release
		{6DCA7E14-CB61-4108-B583-093981B3049E}.Release MinSize|Smartphone 2003 (ARMV4).ActiveCfg = Release
		{6DCA7E14-CB61-4108-B583-093981B3049E}.Release MinSize|Windows Mobile 5.0 Pocket PC SDK (ARMV4I).ActiveCfg = Release
		{6DCA7E14-CB61-4108-B583-093981B3049E}.Release MinSize|Windows Mobile 5.0 Smartphone SDK (ARMV4I).ActiveCfg = Release
		{6DCA7E14-CB61-4108-B583-093981B3049E}.Release MinSize|Windows Mobile 6 Professional SDK (ARMV4I).ActiveCfg = Release
		{6DCA7E14-CB61-4108-B583-093981B3049E}.Release|Mixed Platforms.ActiveCfg = Release
		{6DCA7E14-CB61-4108-B583-093981B3049E}.Release|Pocket PC 2003 (ARMV4).ActiveCfg = Release
		{6DCA7E14-CB61-4108-B583-093981B3049E}.Release|Smartphone 2003 (ARMV4).ActiveCfg = Release
		{6DCA7E14-CB61-4108-B583-093981B3049E}.Release|Windows Mobile 5.0 Pocket PC SDK (ARMV4I).ActiveCfg = Release
		{6DCA7E14-CB61-4108-B583-093981B3049E}.Release|Windows Mobile 5.0 Smartphone SDK (ARMV4I).ActiveCfg = Release
		{6DCA7E14-CB61-4108-B583-093981B3049E}.Release|Windows Mobile 6 Professional SDK (ARMV4I).ActiveCfg = Release
	EndGlobalSection
	GlobalSection(SolutionProperties) = preSolution
		HideSolutionNode = FALSE
	EndGlobalSection
EndGlobal
